
Microsoft Visual Studio Solution File, Format Version 12.00
# Visual Studio Version 16
VisualStudioVersion = 16.0.30907.101
MinimumVisualStudioVersion = 10.0.40219.1
Project("{9A19103F-16F7-4668-BE54-9A1E7A4F7556}") = "App8", "App8\App8.csproj", "{9028BE3E-D835-466B-9137-88F237D56A2C}"
EndProject
Project("{FAE04EC0-301F-11D3-BF4B-00C04F79EFBC}") = "PasswordWorks", "PasswordWorks\PasswordWorks.csproj", "{B4514723-3E36-43D5-95AF-A356A316FA80}"
EndProject
Global
	GlobalSection(SolutionConfigurationPlatforms) = preSolution
		Debug|Any CPU = Debug|Any CPU
		Release|Any CPU = Release|Any CPU
	EndGlobalSection
	GlobalSection(ProjectConfigurationPlatforms) = postSolution
		{9028BE3E-D835-466B-9137-88F237D56A2C}.Debug|Any CPU.ActiveCfg = Debug|Any CPU
		{9028BE3E-D835-466B-9137-88F237D56A2C}.Debug|Any CPU.Build.0 = Debug|Any CPU
		{9028BE3E-D835-466B-9137-88F237D56A2C}.Release|Any CPU.ActiveCfg = Release|Any CPU
		{9028BE3E-D835-466B-9137-88F237D56A2C}.Release|Any CPU.Build.0 = Release|Any CPU
		{B4514723-3E36-43D5-95AF-A356A316FA80}.Debug|Any CPU.ActiveCfg = Debug|Any CPU
		{B4514723-3E36-43D5-95AF-A356A316FA80}.Debug|Any CPU.Build.0 = Debug|Any CPU
		{B4514723-3E36-43D5-95AF-A356A316FA80}.Release|Any CPU.ActiveCfg = Release|Any CPU
		{B4514723-3E36-43D5-95AF-A356A316FA80}.Release|Any CPU.Build.0 = Release|Any CPU
	EndGlobalSection
	GlobalSection(SolutionProperties) = preSolution
		HideSolutionNode = FALSE
	EndGlobalSection
	GlobalSection(ExtensibilityGlobals) = postSolution
		SolutionGuid = {B17D603F-074B-4712-8636-E917E75957E0}
	EndGlobalSection
EndGlobal
